# THIS IS AN AUTOGENERATED FILE. DO NOT EDIT THIS FILE DIRECTLY.
# yarn lockfile v1


"@most/core@^1.3.4":
  version "1.3.4"
  resolved "https://registry.yarnpkg.com/@most/core/-/core-1.3.4.tgz#5b2978149054cea63b0f9e9f87891566b3665636"
  integrity sha512-qXkacTiCLIZTWxbUGrd3nL2C0p8gWQcPyf7PjYKYGhbKAZqHOFdBJKO5sW8xdlrMNS3dTHTVJC5XP4Z07DBeag==
  dependencies:
    "@most/disposable" "^1.2.1"
    "@most/prelude" "^1.7.2"
    "@most/scheduler" "^1.2.2"
    "@most/types" "^1.0.1"

"@most/disposable@^1.2.1":
  version "1.2.1"
  resolved "https://registry.yarnpkg.com/@most/disposable/-/disposable-1.2.1.tgz#c72d7de3d98a6662916285e4516c713a95b94fa3"
  integrity sha512-VQ5gGZd5VFqYyP3sfYmVbrb4MX7j7tqIQKpoATOz5loDXE/9Y/BU5SzD2pGhVtui62kUdK13UFSom4njtmQ1Lw==
  dependencies:
    "@most/prelude" "^1.7.2"
    "@most/types" "^1.0.1"

"@most/prelude@^1.7.2":
  version "1.7.2"
  resolved "https://registry.yarnpkg.com/@most/prelude/-/prelude-1.7.2.tgz#be4ed406518d4c8c220e45c39fa7251365425b73"
  integrity sha512-GM5ec7+xpkuXiCMyzhyENgH/xZ8t0nAMDBY0QOsVVD6TrZYjJKUnW1eaI18HHX8W+COWMwWR9c0zoPiBp9+tUg==

"@most/scheduler@^1.2.2":
  version "1.2.2"
  resolved "https://registry.yarnpkg.com/@most/scheduler/-/scheduler-1.2.2.tgz#69ec548f8202088499cdb6f1033e912b8fe2b754"
  integrity sha512-TcbdJMso8MBX9NO4/5LTitsp1qTKIWMHBXL3aaEqHsCSvHgJNwNOCEG9PrFrBhIoTkVgHVghP8KaoEVqqhxmmg==
  dependencies:
    "@most/prelude" "^1.7.2"
    "@most/types" "^1.0.1"

"@most/types@^1.0.1":
  version "1.0.1"
  resolved "https://registry.yarnpkg.com/@most/types/-/types-1.0.1.tgz#8691580d1f3bf569b91d48f6688be9ad26dfc86c"
  integrity sha512-fCLkp1Yzp+Kamr00i1yG3GPhekOE150TSeoqUAy1cslmJ/a0+x7Y6GCwO26ke614sUbV9BdL0gTGCZJA4V1JUw==

is-any-array@^0.0.3:
  version "0.0.3"
  resolved "https://registry.yarnpkg.com/is-any-array/-/is-any-array-0.0.3.tgz#cbdd8c7189d47b53b050969245f4ef7e55550b9b"
  integrity sha512-Lr5SRykZv6uuYMZURz7+YpigT1ziTBHOTgFJ1zK7gL+9Wbet5Ha1ws6S84Jo/lH4zep02b95sk6o4+MTk97mPQ==

ml-array-max@^1.1.1:
  version "1.1.1"
  resolved "https://registry.yarnpkg.com/ml-array-max/-/ml-array-max-1.1.1.tgz#0192a646853a5cd1085133def02c1271101ddd86"
  integrity sha512-lEtVH02mkRESnwCq6y0w8rrnRltwlEmYKRuYNZGSmpiqL+TcHc1Z/kn73Ga9L3iFtyYOtmdLGug0ufGy0xbfmw==
  dependencies:
    is-any-array "^0.0.3"

ml-array-min@^1.1.1:
  version "1.1.1"
  resolved "https://registry.yarnpkg.com/ml-array-min/-/ml-array-min-1.1.1.tgz#52bb6315325cd28e39b412282ef5a44416bd2e11"
  integrity sha512-xwUm80ktZLoKMK5j0yilCM8/X07KaW/yvnBiqxPxLRkzIEqK2NA2lHw5uvDpfEYYBUzZbMIG/jHDum+YrjKvPg==
  dependencies:
    is-any-array "^0.0.3"

ml-array-rescale@^1.2.1:
  version "1.2.1"
  resolved "https://registry.yarnpkg.com/ml-array-rescale/-/ml-array-rescale-1.2.1.tgz#8fc10ef0472a3bf27602d6089e6f93a2fb7d9fe5"
  integrity sha512-C9YliVwYknxBNFXXbCFwCDUZScZkgL82CEL4GdpdhWAvUTZIRn7opAOOj4ZnZZXjIrUFCV+YB99DKM1frd9eOQ==
  dependencies:
    is-any-array "^0.0.3"
    ml-array-max "^1.1.1"
    ml-array-min "^1.1.1"

ml-matrix@^5.0.0:
  version "5.3.0"
  resolved "https://registry.yarnpkg.com/ml-matrix/-/ml-matrix-5.3.0.tgz#2154902a3380f6a0874ab9a2539a09e873e8db92"
  integrity sha512-DuvdXYwfGRpM+7MVdvi/zSjiazn+8QPrACT3Xi0pQpYx5SXZ1WuFYwUDXTSmV9+hrCxRhrC4hrzesNcfjpvOsw==
  dependencies:
    ml-array-max "^1.1.1"
    ml-array-rescale "^1.2.1"

ml-pca@^2.1.0:
  version "2.1.0"
  resolved "https://registry.yarnpkg.com/ml-pca/-/ml-pca-2.1.0.tgz#6a3240c59dabffd7c0132c879fefdc7b0f8b98db"
  integrity sha512-ZMlVsezHbeBok6ZxSlPA4O0lJzf9d+8vfdzTvcSFexkv1FXwr+GnLC6ypsOmdzgtm0InV6e+fLYAo2Sr/+yjow==
  dependencies:
    ml-matrix "^5.0.0"
    ml-stat "^1.1.0"

ml-stat@^1.1.0:
  version "1.3.3"
  resolved "https://registry.yarnpkg.com/ml-stat/-/ml-stat-1.3.3.tgz#8a5493b0f67382fbf705c260e070436655a7dcfa"
  integrity sha1-ilSTsPZzgvv3BcJg4HBDZlWn3Po=

"xmm@github:JulesFrancoise/xmmjs":
  version "0.0.1"
  resolved "https://codeload.github.com/JulesFrancoise/xmmjs/tar.gz/4d9cfd228c345a031580b07ae327bacf1c290489"
