# THIS IS AN AUTOGENERATED FILE. DO NOT EDIT THIS FILE DIRECTLY.
# yarn lockfile v1


"@most/disposable@^1.2.1":
  version "1.2.2"
  resolved "https://registry.yarnpkg.com/@most/disposable/-/disposable-1.2.2.tgz#1f9dfcc1b9d73165436eee34ddedc2e70d7be695"
  integrity sha512-05u3obo0sDuh1PGw1BS6VEhgJTLkPMyGHOAvSJMSk2tArgBvhMvjayl8fU4DEKO7r+3aTg7F9Stnr1T61578yQ==
  dependencies:
    "@most/prelude" "^1.7.3"
    "@most/types" "^1.0.2"

"@most/prelude@^1.7.3":
  version "1.7.3"
  resolved "https://registry.yarnpkg.com/@most/prelude/-/prelude-1.7.3.tgz#51db3f3ba3ed65431b6eea89ecb0a31826af640c"
  integrity sha512-qWWEnA22UP1lzFfKx75XMut6DUUXGRKe7qv2k+Bgs7ju8lwb5RjsZYyQZ+VcsYvHcIavHKzseLlBMLOe2CvUZw==

"@most/scheduler@^1.2.2":
  version "1.2.3"
  resolved "https://registry.yarnpkg.com/@most/scheduler/-/scheduler-1.2.3.tgz#7cb97904a23bbfcb2664c60ea4fe047d7b5572f7"
  integrity sha512-OpykYNwUIe7/InAs0ftSIkQULJajM6ghmYDeJ0yv9xcLmi5NyAtOOyUdIxlfqi7xHWRiD2iQuuJXHGyqFsKCsw==
  dependencies:
    "@most/prelude" "^1.7.3"
    "@most/types" "^1.0.2"

"@most/types@^1.0.2":
  version "1.0.2"
  resolved "https://registry.yarnpkg.com/@most/types/-/types-1.0.2.tgz#a272c919a3dafe942bd02d63402f0548593af870"
  integrity sha512-ZVkDwaiuGVTXywADeJ3aUBsD41UURldIljlsSTMdiWfhVEOY7dsY8iq+9wFUjRZYjhnpn9tLiOHaqyjbxm1prg==

colormap@^2.3.1:
  version "2.3.1"
  resolved "https://registry.yarnpkg.com/colormap/-/colormap-2.3.1.tgz#9f2ab643591c0728d32332d5480b2487a4e0f249"
  integrity sha512-TEzNlo/qYp6pBoR2SK9JiV+DG1cmUcVO/+DEJqVPSHIKNlWh5L5L4FYog7b/h0bAnhKhpOAvx/c1dFp2QE9sFw==
  dependencies:
    lerp "^1.0.3"

de-indent@^1.0.2:
  version "1.0.2"
  resolved "https://registry.yarnpkg.com/de-indent/-/de-indent-1.0.2.tgz#b2038e846dc33baa5796128d0804b455b8c1e21d"
  integrity sha1-sgOOhG3DO6pXlhKNCAS0VbjB4h0=

he@^1.1.0:
  version "1.2.0"
  resolved "https://registry.yarnpkg.com/he/-/he-1.2.0.tgz#84ae65fa7eafb165fddb61566ae14baf05664f0f"
  integrity sha512-F/1DnUGPopORZi0ni+CvrCgHQ5FyEAHRLSApuYWMmrbSwoN2Mn/7k+Gl38gJnR7yyDZk6WLXwiGod1JOWNDKGw==

lerp@^1.0.3:
  version "1.0.3"
  resolved "https://registry.yarnpkg.com/lerp/-/lerp-1.0.3.tgz#a18c8968f917896de15ccfcc28d55a6b731e776e"
  integrity sha1-oYyJaPkXiW3hXM/MKNVaa3Med24=

vue-awesome@^3.5.1:
  version "3.5.4"
  resolved "https://registry.yarnpkg.com/vue-awesome/-/vue-awesome-3.5.4.tgz#da14ca20a3c6415c72823a7f743022f2dbd0183f"
  integrity sha512-RRuo08A6mFye2RyLVdnODH5kyLiHANMl9EzKXZXCeMrsP4SY3nyjkQnTGlgbbVOBQuaGBMrFp9HPOJYDaVNk/w==

vue-template-compiler@^2.6.10:
  version "2.6.10"
  resolved "https://registry.yarnpkg.com/vue-template-compiler/-/vue-template-compiler-2.6.10.tgz#323b4f3495f04faa3503337a82f5d6507799c9cc"
  integrity sha512-jVZkw4/I/HT5ZMvRnhv78okGusqe0+qH2A0Em0Cp8aq78+NK9TII263CDVz2QXZsIT+yyV/gZc/j/vlwa+Epyg==
  dependencies:
    de-indent "^1.0.2"
    he "^1.1.0"

vue@^2.6.10:
  version "2.6.10"
  resolved "https://registry.yarnpkg.com/vue/-/vue-2.6.10.tgz#a72b1a42a4d82a721ea438d1b6bf55e66195c637"
  integrity sha512-ImThpeNU9HbdZL3utgMCq0oiMzAkt1mcgy3/E6zWC/G6AaQoeuFdsl9nDhTDU3X1R6FK7nsIUuRACVcjI+A2GQ==
