# THIS IS AN AUTOGENERATED FILE. DO NOT EDIT THIS FILE DIRECTLY.
# yarn lockfile v1


"@most/disposable@^1.2.1":
  version "1.2.1"
  resolved "https://registry.yarnpkg.com/@most/disposable/-/disposable-1.2.1.tgz#c72d7de3d98a6662916285e4516c713a95b94fa3"
  integrity sha512-VQ5gGZd5VFqYyP3sfYmVbrb4MX7j7tqIQKpoATOz5loDXE/9Y/BU5SzD2pGhVtui62kUdK13UFSom4njtmQ1Lw==
  dependencies:
    "@most/prelude" "^1.7.2"
    "@most/types" "^1.0.1"

"@most/prelude@^1.7.2":
  version "1.7.2"
  resolved "https://registry.yarnpkg.com/@most/prelude/-/prelude-1.7.2.tgz#be4ed406518d4c8c220e45c39fa7251365425b73"
  integrity sha512-GM5ec7+xpkuXiCMyzhyENgH/xZ8t0nAMDBY0QOsVVD6TrZYjJKUnW1eaI18HHX8W+COWMwWR9c0zoPiBp9+tUg==

"@most/scheduler@^1.2.2":
  version "1.2.2"
  resolved "https://registry.yarnpkg.com/@most/scheduler/-/scheduler-1.2.2.tgz#69ec548f8202088499cdb6f1033e912b8fe2b754"
  integrity sha512-TcbdJMso8MBX9NO4/5LTitsp1qTKIWMHBXL3aaEqHsCSvHgJNwNOCEG9PrFrBhIoTkVgHVghP8KaoEVqqhxmmg==
  dependencies:
    "@most/prelude" "^1.7.2"
    "@most/types" "^1.0.1"

"@most/types@^1.0.1":
  version "1.0.1"
  resolved "https://registry.yarnpkg.com/@most/types/-/types-1.0.1.tgz#8691580d1f3bf569b91d48f6688be9ad26dfc86c"
  integrity sha512-fCLkp1Yzp+Kamr00i1yG3GPhekOE150TSeoqUAy1cslmJ/a0+x7Y6GCwO26ke614sUbV9BdL0gTGCZJA4V1JUw==

colormap@^2.3.1:
  version "2.3.1"
  resolved "https://registry.yarnpkg.com/colormap/-/colormap-2.3.1.tgz#9f2ab643591c0728d32332d5480b2487a4e0f249"
  integrity sha512-TEzNlo/qYp6pBoR2SK9JiV+DG1cmUcVO/+DEJqVPSHIKNlWh5L5L4FYog7b/h0bAnhKhpOAvx/c1dFp2QE9sFw==
  dependencies:
    lerp "^1.0.3"

de-indent@^1.0.2:
  version "1.0.2"
  resolved "https://registry.yarnpkg.com/de-indent/-/de-indent-1.0.2.tgz#b2038e846dc33baa5796128d0804b455b8c1e21d"
  integrity sha1-sgOOhG3DO6pXlhKNCAS0VbjB4h0=

he@^1.1.0:
  version "1.2.0"
  resolved "https://registry.yarnpkg.com/he/-/he-1.2.0.tgz#84ae65fa7eafb165fddb61566ae14baf05664f0f"
  integrity sha512-F/1DnUGPopORZi0ni+CvrCgHQ5FyEAHRLSApuYWMmrbSwoN2Mn/7k+Gl38gJnR7yyDZk6WLXwiGod1JOWNDKGw==

lerp@^1.0.3:
  version "1.0.3"
  resolved "https://registry.yarnpkg.com/lerp/-/lerp-1.0.3.tgz#a18c8968f917896de15ccfcc28d55a6b731e776e"
  integrity sha1-oYyJaPkXiW3hXM/MKNVaa3Med24=

vue-awesome@^3.5.1:
  version "3.5.1"
  resolved "https://registry.yarnpkg.com/vue-awesome/-/vue-awesome-3.5.1.tgz#cbd4572847b3a31e56411e7ab7e46f5459e9b195"
  integrity sha512-oWPAoC1B/0aTxrw04MFxjVsXFsTz6f26KRxF5ItP59BM7uaAdJ8toHp7iFE5rpS/NOJJBheGPJIelfA5nzU4aA==

vue-template-compiler@^2.6.10:
  version "2.6.10"
  resolved "https://registry.yarnpkg.com/vue-template-compiler/-/vue-template-compiler-2.6.10.tgz#323b4f3495f04faa3503337a82f5d6507799c9cc"
  integrity sha512-jVZkw4/I/HT5ZMvRnhv78okGusqe0+qH2A0Em0Cp8aq78+NK9TII263CDVz2QXZsIT+yyV/gZc/j/vlwa+Epyg==
  dependencies:
    de-indent "^1.0.2"
    he "^1.1.0"

vue@^2.6.10:
  version "2.6.10"
  resolved "https://registry.yarnpkg.com/vue/-/vue-2.6.10.tgz#a72b1a42a4d82a721ea438d1b6bf55e66195c637"
  integrity sha512-ImThpeNU9HbdZL3utgMCq0oiMzAkt1mcgy3/E6zWC/G6AaQoeuFdsl9nDhTDU3X1R6FK7nsIUuRACVcjI+A2GQ==
